# This file is automatically @generated by Poetry 2.3.2 and should not be changed by hand.

[[package]]
name = "aiokafka"
version = "0.13.0"
description = "Kafka integration with asyncio"
optional = false
python-versions = ">=3.10"
groups = ["main"]
files = [
    {file = "aiokafka-0.13.0-cp310-cp310-macosx_10_9_x86_64.whl", hash = "sha256:557245613c599145ec895d8f953cdaa45eb76f66c1b887fbdbdbc7764a902c1d"},
    {file = "aiokafka-0.13.0-cp310-cp310-macosx_11_0_arm64.whl", hash = "sha256:e147396c692807be6ef72d3b1cbf980bf46967e5e389ee0aed880f8d45a33eca"},
    {file = "aiokafka-0.13.0-cp310-cp310-manylinux2014_aarch64.manylinux_2_17_aarch64.manylinux_2_28_aarch64.whl", hash = "sha256:ba0f895212c40c8930bf34f508aa6a3cb396cdf8c432f3d2f2524c2bc7166eaf"},
    {file = "aiokafka-0.13.0-cp310-cp310-manylinux2014_x86_64.manylinux_2_17_x86_64.manylinux_2_28_x86_64.whl", hash = "sha256:3bead7237e92fba2f5fd06ebaff0aceab3ed365736ac07419e37d1d74752ee3a"},
    {file = "aiokafka-0.13.0-cp310-cp310-win32.whl", hash = "sha256:d1130faea001a536acc93c166c4d23618808f4af458fbd1848134044db6985d5"},
    {file = "aiokafka-0.13.0-cp310-cp310-win_amd64.whl", hash = "sha256:79ebe62e948cac23e43a93b2d7fbce20c49d052e2f8cfaaec764c1d8763de652"},
    {file = "aiokafka-0.13.0-cp311-cp311-macosx_10_9_x86_64.whl", hash = "sha256:7d83d984a6a901b84fab67976fa94184f223c6f1180d05daae33935970c1dd65"},
    {file = "aiokafka-0.13.0-cp311-cp311-macosx_11_0_arm64.whl", hash = "sha256:f134b4b612646e2cfe7a4e4384206610ada50bb17dbb1117c1304a6cd307ecef"},
    {file = "aiokafka-0.13.0-cp311-cp311-manylinux2014_aarch64.manylinux_2_17_aarch64.manylinux_2_28_aarch64.whl", hash = "sha256:68ecbc74d452fdbfd15d138b26d4c06b643496fc84150c95b8a110f84f210aed"},
    {file = "aiokafka-0.13.0-cp311-cp311-manylinux2014_x86_64.manylinux_2_17_x86_64.manylinux_2_28_x86_64.whl", hash = "sha256:541786b25dd830d43155b851d34b83ceafa8795a570a4f9e298f431bfaef76a3"},
    {file = "aiokafka-0.13.0-cp311-cp311-win32.whl", hash = "sha256:a7628a3e938b1f3cdb598dc83389e518537dce3c617640523ad482f1f61e9125"},
    {file = "aiokafka-0.13.0-cp311-cp311-win_amd64.whl", hash = "sha256:039a17b2aa9b5865be3df6858857915f95f586c9234ef5450ac2a2d1c22a413d"},
    {file = "aiokafka-0.13.0-cp312-cp312-macosx_10_13_x86_64.whl", hash = "sha256:231ecc0038c2736118f1c95149550dbbdf7b7a12069f70c005764fa1824c35d4"},
    {file = "aiokafka-0.13.0-cp312-cp312-macosx_11_0_arm64.whl", hash = "sha256:2e2817593cab4c71c1d3b265b2446da91121a467ff7477c65f0f39a80047bc28"},
    {file = "aiokafka-0.13.0-cp312-cp312-manylinux2014_aarch64.manylinux_2_17_aarch64.manylinux_2_28_aarch64.whl", hash = "sha256:b80e0aa1c811a9a12edb0b94445a0638d61a345932f785d47901d28b8aad86c8"},
    {file = "aiokafka-0.13.0-cp312-cp312-manylinux2014_x86_64.manylinux_2_17_x86_64.manylinux_2_28_x86_64.whl", hash = "sha256:79672c456bd1642769e74fc2db1c34f23b15500e978fd38411662e8ca07590ad"},
    {file = "aiokafka-0.13.0-cp312-cp312-win32.whl", hash = "sha256:00bb4e3d5a237b8618883eb1dd8c08d671db91d3e8e33ac98b04edf64225658c"},
    {file = "aiokafka-0.13.0-cp312-cp312-win_amd64.whl", hash = "sha256:0f0cccdf2fd16927fbe077279524950676fbffa7b102d6b117041b3461b5d927"},
    {file = "aiokafka-0.13.0-cp313-cp313-macosx_10_13_x86_64.whl", hash = "sha256:39d71c40cff733221a6b2afff4beeac5dacbd119fb99eec5198af59115264a1a"},
    {file = "aiokafka-0.13.0-cp313-cp313-macosx_11_0_arm64.whl", hash = "sha256:faa2f5f3d0d2283a0c1a149748cc7e3a3862ef327fa5762e2461088eedde230a"},
    {file = "aiokafka-0.13.0-cp313-cp313-manylinux2014_aarch64.manylinux_2_17_aarch64.manylinux_2_28_aarch64.whl", hash = "sha256:b890d535e55f5073f939585bef5301634df669e97832fda77aa743498f008662"},
    {file = "aiokafka-0.13.0-cp313-cp313-manylinux2014_x86_64.manylinux_2_17_x86_64.manylinux_2_28_x86_64.whl", hash = "sha256:e22eb8a1475b9c0f45b553b6e2dcaf4ec3c0014bf4e389e00a0a0ec85d0e3bdc"},
    {file = "aiokafka-0.13.0-cp313-cp313-win32.whl", hash = "sha256:ae507c7b09e882484f709f2e7172b3a4f75afffcd896d00517feb35c619495bb"},
    {file = "aiokafka-0.13.0-cp313-cp313-win_amd64.whl", hash = "sha256:fec1a7e3458365a72809edaa2b990f65ca39b01a2a579f879ac4da6c9b2dbc5c"},
    {file = "aiokafka-0.13.0-cp314-cp314-macosx_10_15_x86_64.whl", hash = "sha256:9a403785f7092c72906c37f7618f7b16a4219eba8ed0bdda90fba410a7dd50b5"},
    {file = "aiokafka-0.13.0-cp314-cp314-macosx_11_0_arm64.whl", hash = "sha256:256807326831b7eee253ea1017bd2b19ab1c2298ce6b20a87fde97c253c572bc"},
    {file = "aiokafka-0.13.0-cp314-cp314-manylinux2014_aarch64.manylinux_2_17_aarch64.manylinux_2_28_aarch64.whl", hash = "sha256:64d90f91291da265d7f25296ba68fc6275684eebd6d1cf05a1b2abe6c2ba3543"},
    {file = "aiokafka-0.13.0-cp314-cp314-manylinux2014_x86_64.manylinux_2_17_x86_64.manylinux_2_28_x86_64.whl", hash = "sha256:b5a33cc043c8d199bcf101359d86f2d31fd54f4b157ac12028bdc34e3e1cf74a"},
    {file = "aiokafka-0.13.0-cp314-cp314-win32.whl", hash = "sha256:538950384b539ba2333d35a853f09214c0409e818e5d5f366ef759eea50bae9c"},
    {file = "aiokafka-0.13.0-cp314-cp314-win_amd64.whl", hash = "sha256:c906dd42daadd14b4506a2e6c62dfef3d4919b5953d32ae5e5f0d99efd103c89"},
    {file = "aiokafka-0.13.0.tar.gz", hash = "sha256:7d634af3c8d694a37a6c8535c54f01a740e74cccf7cc189ecc4a3d64e31ce122"},
]

[package.dependencies]
async-timeout = "*"
packaging = "*"
typing_extensions = ">=4.10.0"

[package.extras]
all = ["cramjam (>=2.8.0)", "gssapi"]
gssapi = ["gssapi"]
lz4 = ["cramjam (>=2.8.0)"]
snappy = ["cramjam"]
zstd = ["cramjam"]

[[package]]
name = "asgiref"
version = "3.11.0"
description = "ASGI specs, helper code, and adapters"
optional = false
python-versions = ">=3.9"
groups = ["main"]
files = [
    {file = "asgiref-3.11.0-py3-none-any.whl", hash = "sha256:1db9021efadb0d9512ce8ffaf72fcef601c7b73a8807a1bb2ef143dc6b14846d"},
    {file = "asgiref-3.11.0.tar.gz", hash = "sha256:13acff32519542a1736223fb79a715acdebe24286d98e8b164a73085f40da2c4"},
]

[package.extras]
tests = ["mypy (>=1.14.0)", "pytest", "pytest-asyncio"]

[[package]]
name = "async-timeout"
version = "5.0.1"
description = "Timeout context manager for asyncio programs"
optional = false
python-versions = ">=3.8"
groups = ["main"]
files = [
    {file = "async_timeout-5.0.1-py3-none-any.whl", hash = "sha256:39e3809566ff85354557ec2398b55e096c8364bacac9405a7a1fa429e77fe76c"},
    {file = "async_timeout-5.0.1.tar.gz", hash = "sha256:d9321a7a3d5a6a5e187e824d2fa0793ce379a202935782d555d6e9d2735677d3"},
]

[[package]]
name = "django"
version = "5.2.12"
description = "A high-level Python web framework that encourages rapid development and clean, pragmatic design."
optional = false
python-versions = ">=3.10"
groups = ["main"]
files = [
    {file = "django-5.2.12-py3-none-any.whl", hash = "sha256:4853482f395c3a151937f6991272540fcbf531464f254a347bf7c89f53c8cff7"},
    {file = "django-5.2.12.tar.gz", hash = "sha256:6b809af7165c73eff5ce1c87fdae75d4da6520d6667f86401ecf55b681eb1eeb"},
]

[package.dependencies]
asgiref = ">=3.8.1"
sqlparse = ">=0.3.1"
tzdata = {version = "*", markers = "sys_platform == \"win32\""}

[package.extras]
argon2 = ["argon2-cffi (>=19.1.0)"]
bcrypt = ["bcrypt"]

[[package]]
name = "packaging"
version = "26.0"
description = "Core utilities for Python packages"
optional = false
python-versions = ">=3.8"
groups = ["main"]
files = [
    {file = "packaging-26.0-py3-none-any.whl", hash = "sha256:b36f1fef9334a5588b4166f8bcd26a14e521f2b55e6b9de3aaa80d3ff7a37529"},
    {file = "packaging-26.0.tar.gz", hash = "sha256:00243ae351a257117b6a241061796684b084ed1c516a08c48a3f7e147a9d80b4"},
]

[[package]]
name = "sqlparse"
version = "0.5.5"
description = "A non-validating SQL parser."
optional = false
python-versions = ">=3.8"
groups = ["main"]
files = [
    {file = "sqlparse-0.5.5-py3-none-any.whl", hash = "sha256:12a08b3bf3eec877c519589833aed092e2444e68240a3577e8e26148acc7b1ba"},
    {file = "sqlparse-0.5.5.tar.gz", hash = "sha256:e20d4a9b0b8585fdf63b10d30066c7c94c5d7a7ec47c889a2d83a3caa93ff28e"},
]

[package.extras]
dev = ["build"]
doc = ["sphinx"]

[[package]]
name = "typing-extensions"
version = "4.15.0"
description = "Backported and Experimental Type Hints for Python 3.9+"
optional = false
python-versions = ">=3.9"
groups = ["main"]
files = [
    {file = "typing_extensions-4.15.0-py3-none-any.whl", hash = "sha256:f0fa19c6845758ab08074a0cfa8b7aecb71c999ca73d62883bc25cc018c4e548"},
    {file = "typing_extensions-4.15.0.tar.gz", hash = "sha256:0cea48d173cc12fa28ecabc3b837ea3cf6f38c6d1136f85cbaaf598984861466"},
]

[[package]]
name = "tzdata"
version = "2025.3"
description = "Provider of IANA time zone data"
optional = false
python-versions = ">=2"
groups = ["main"]
markers = "sys_platform == \"win32\""
files = [
    {file = "tzdata-2025.3-py2.py3-none-any.whl", hash = "sha256:06a47e5700f3081aab02b2e513160914ff0694bce9947d6b76ebd6bf57cfc5d1"},
    {file = "tzdata-2025.3.tar.gz", hash = "sha256:de39c2ca5dc7b0344f2eba86f49d614019d29f060fc4ebc8a417896a620b56a7"},
]

[metadata]
lock-version = "2.1"
python-versions = ">=3.12,<4.0"
content-hash = "bd9e634ea248340144f435fda10c05b972e2bbd245719c80735ff044f562e7be"
